// !$*UTF8*$!
{
	archiveVersion = 1;
	classes = {
	};
	objectVersion = 50;
	objects = {

/* Begin PBXBuildFile section */
		F15D28E92214BF60002DB29F /* MainMenu.sks in Resources */ = {isa = PBXBuildFile; fileRef = F15D28E82214BF60002DB29F /* MainMenu.sks */; };
		F15D28EB2214C1C1002DB29F /* MainMenu.swift in Sources */ = {isa = PBXBuildFile; fileRef = F15D28EA2214C1C1002DB29F /* MainMenu.swift */; };
		F19F15F22214A12800955A69 /* AppDelegate.swift in Sources */ = {isa = PBXBuildFile; fileRef = F19F15F12214A12800955A69 /* AppDelegate.swift */; };
		F19F15F42214A12800955A69 /* GameScene.sks in Resources */ = {isa = PBXBuildFile; fileRef = F19F15F32214A12800955A69 /* GameScene.sks */; };
		F19F15F62214A12800955A69 /* Actions.sks in Resources */ = {isa = PBXBuildFile; fileRef = F19F15F52214A12800955A69 /* Actions.sks */; };
		F19F15F82214A12800955A69 /* GameScene.swift in Sources */ = {isa = PBXBuildFile; fileRef = F19F15F72214A12800955A69 /* GameScene.swift */; };
		F19F15FA2214A12800955A69 /* GameViewController.swift in Sources */ = {isa = PBXBuildFile; fileRef = F19F15F92214A12800955A69 /* GameViewController.swift */; };
		F19F15FD2214A12800955A69 /* Main.storyboard in Resources */ = {isa = PBXBuildFile; fileRef = F19F15FB2214A12800955A69 /* Main.storyboard */; };
		F19F15FF2214A12900955A69 /* Assets.xcassets in Resources */ = {isa = PBXBuildFile; fileRef = F19F15FE2214A12900955A69 /* Assets.xcassets */; };
		F19F16022214A12900955A69 /* LaunchScreen.storyboard in Resources */ = {isa = PBXBuildFile; fileRef = F19F16002214A12900955A69 /* LaunchScreen.storyboard */; };
		F19F160B2214A1FF00955A69 /* bang.mp3 in Resources */ = {isa = PBXBuildFile; fileRef = F19F16092214A1FF00955A69 /* bang.mp3 */; };
		F19F160C2214A1FF00955A69 /* bullet.mp3 in Resources */ = {isa = PBXBuildFile; fileRef = F19F160A2214A1FF00955A69 /* bullet.mp3 */; };
		F19F16112214A31300955A69 /* starfield.sks in Resources */ = {isa = PBXBuildFile; fileRef = F19F160F2214A31300955A69 /* starfield.sks */; };
		F19F16122214A31300955A69 /* bang.sks in Resources */ = {isa = PBXBuildFile; fileRef = F19F16102214A31300955A69 /* bang.sks */; };
/* End PBXBuildFile section */

/* Begin PBXFileReference section */
		F15D28E82214BF60002DB29F /* MainMenu.sks */ = {isa = PBXFileReference; lastKnownFileType = file.sks; path = MainMenu.sks; sourceTree = "<group>"; };
		F15D28EA2214C1C1002DB29F /* MainMenu.swift */ = {isa = PBXFileReference; lastKnownFileType = sourcecode.swift; path = MainMenu.swift; sourceTree = "<group>"; };
		F19F15EE2214A12800955A69 /* SpaceShooter.app */ = {isa = PBXFileReference; explicitFileType = wrapper.application; includeInIndex = 0; path = SpaceShooter.app; sourceTree = BUILT_PRODUCTS_DIR; };
		F19F15F12214A12800955A69 /* AppDelegate.swift */ = {isa = PBXFileReference; lastKnownFileType = sourcecode.swift; path = AppDelegate.swift; sourceTree = "<group>"; };
		F19F15F32214A12800955A69 /* GameScene.sks */ = {isa = PBXFileReference; lastKnownFileType = file.sks; path = GameScene.sks; sourceTree = "<group>"; };
		F19F15F52214A12800955A69 /* Actions.sks */ = {isa = PBXFileReference; lastKnownFileType = file.sks; path = Actions.sks; sourceTree = "<group>"; };
		F19F15F72214A12800955A69 /* GameScene.swift */ = {isa = PBXFileReference; lastKnownFileType = sourcecode.swift; path = GameScene.swift; sourceTree = "<group>"; };
		F19F15F92214A12800955A69 /* GameViewController.swift */ = {isa = PBXFileReference; lastKnownFileType = sourcecode.swift; path = GameViewController.swift; sourceTree = "<group>"; };
		F19F15FC2214A12800955A69 /* Base */ = {isa = PBXFileReference; lastKnownFileType = file.storyboard; name = Base; path = Base.lproj/Main.storyboard; sourceTree = "<group>"; };
		F19F15FE2214A12900955A69 /* Assets.xcassets */ = {isa = PBXFileReference; lastKnownFileType = folder.assetcatalog; path = Assets.xcassets; sourceTree = "<group>"; };
		F19F16012214A12900955A69 /* Base */ = {isa = PBXFileReference; lastKnownFileType = file.storyboard; name = Base; path = Base.lproj/LaunchScreen.storyboard; sourceTree = "<group>"; };
		F19F16032214A12900955A69 /* Info.plist */ = {isa = PBXFileReference; lastKnownFileType = text.plist.xml; path = Info.plist; sourceTree = "<group>"; };
		F19F16092214A1FF00955A69 /* bang.mp3 */ = {isa = PBXFileReference; lastKnownFileType = audio.mp3; path = bang.mp3; sourceTree = "<group>"; };
		F19F160A2214A1FF00955A69 /* bullet.mp3 */ = {isa = PBXFileReference; lastKnownFileType = audio.mp3; path = bullet.mp3; sourceTree = "<group>"; };
		F19F160F2214A31300955A69 /* starfield.sks */ = {isa = PBXFileReference; lastKnownFileType = file.sks; path = starfield.sks; sourceTree = "<group>"; };
		F19F16102214A31300955A69 /* bang.sks */ = {isa = PBXFileReference; lastKnownFileType = file.sks; path = bang.sks; sourceTree = "<group>"; };
/* End PBXFileReference section */

/* Begin PBXFrameworksBuildPhase section */
		F19F15EB2214A12800955A69 /* Frameworks */ = {
			isa = PBXFrameworksBuildPhase;
			buildActionMask = 2147483647;
			files = (
			);
			runOnlyForDeploymentPostprocessing = 0;
		};
/* End PBXFrameworksBuildPhase section */

/* Begin PBXGroup section */
		F19F15E52214A12800955A69 = {
			isa = PBXGroup;
			children = (
				F19F15F02214A12800955A69 /* SpaceShooter */,
				F19F15EF2214A12800955A69 /* Products */,
			);
			sourceTree = "<group>";
		};
		F19F15EF2214A12800955A69 /* Products */ = {
			isa = PBXGroup;
			children = (
				F19F15EE2214A12800955A69 /* SpaceShooter.app */,
			);
			name = Products;
			sourceTree = "<group>";
		};
		F19F15F02214A12800955A69 /* SpaceShooter */ = {
			isa = PBXGroup;
			children = (
				F19F15F12214A12800955A69 /* AppDelegate.swift */,
				F19F15F32214A12800955A69 /* GameScene.sks */,
				F19F15F52214A12800955A69 /* Actions.sks */,
				F19F15F72214A12800955A69 /* GameScene.swift */,
				F19F15F92214A12800955A69 /* GameViewController.swift */,
				F19F15FB2214A12800955A69 /* Main.storyboard */,
				F15D28E82214BF60002DB29F /* MainMenu.sks */,
				F15D28EA2214C1C1002DB29F /* MainMenu.swift */,
				F19F160A2214A1FF00955A69 /* bullet.mp3 */,
				F19F16092214A1FF00955A69 /* bang.mp3 */,
				F19F16102214A31300955A69 /* bang.sks */,
				F19F160F2214A31300955A69 /* starfield.sks */,
				F19F15FE2214A12900955A69 /* Assets.xcassets */,
				F19F16002214A12900955A69 /* LaunchScreen.storyboard */,
				F19F16032214A12900955A69 /* Info.plist */,
			);
			path = SpaceShooter;
			sourceTree = "<group>";
		};
/* End PBXGroup section */

/* Begin PBXNativeTarget section */
		F19F15ED2214A12800955A69 /* SpaceShooter */ = {
			isa = PBXNativeTarget;
			buildConfigurationList = F19F16062214A12900955A69 /* Build configuration list for PBXNativeTarget "SpaceShooter" */;
			buildPhases = (
				F19F15EA2214A12800955A69 /* Sources */,
				F19F15EB2214A12800955A69 /* Frameworks */,
				F19F15EC2214A12800955A69 /* Resources */,
			);
			buildRules = (
			);
			dependencies = (
			);
			name = SpaceShooter;
			productName = SpaceShooter;
			productReference = F19F15EE2214A12800955A69 /* SpaceShooter.app */;
			productType = "com.apple.product-type.application";
		};
/* End PBXNativeTarget section */

/* Begin PBXProject section */
		F19F15E62214A12800955A69 /* Project object */ = {
			isa = PBXProject;
			attributes = {
				LastSwiftUpdateCheck = 1010;
				LastUpgradeCheck = 1010;
				ORGANIZATIONNAME = "Oleg Ozimok";
				TargetAttributes = {
					F19F15ED2214A12800955A69 = {
						CreatedOnToolsVersion = 10.1;
					};
				};
			};
			buildConfigurationList = F19F15E92214A12800955A69 /* Build configuration list for PBXProject "SpaceShooter" */;
			compatibilityVersion = "Xcode 9.3";
			developmentRegion = en;
			hasScannedForEncodings = 0;
			knownRegions = (
				en,
				Base,
			);
			mainGroup = F19F15E52214A12800955A69;
			productRefGroup = F19F15EF2214A12800955A69 /* Products */;
			projectDirPath = "";
			projectRoot = "";
			targets = (
				F19F15ED2214A12800955A69 /* SpaceShooter */,
			);
		};
/* End PBXProject section */

/* Begin PBXResourcesBuildPhase section */
		F19F15EC2214A12800955A69 /* Resources */ = {
			isa = PBXResourcesBuildPhase;
			buildActionMask = 2147483647;
			files = (
				F19F160C2214A1FF00955A69 /* bullet.mp3 in Resources */,
				F19F160B2214A1FF00955A69 /* bang.mp3 in Resources */,
				F19F16122214A31300955A69 /* bang.sks in Resources */,
				F15D28E92214BF60002DB29F /* MainMenu.sks in Resources */,
				F19F16112214A31300955A69 /* starfield.sks in Resources */,
				F19F15FD2214A12800955A69 /* Main.storyboard in Resources */,
				F19F15F42214A12800955A69 /* GameScene.sks in Resources */,
				F19F15FF2214A12900955A69 /* Assets.xcassets in Resources */,
				F19F16022214A12900955A69 /* LaunchScreen.storyboard in Resources */,
				F19F15F62214A12800955A69 /* Actions.sks in Resources */,
			);
			runOnlyForDeploymentPostprocessing = 0;
		};
/* End PBXResourcesBuildPhase section */

/* Begin PBXSourcesBuildPhase section */
		F19F15EA2214A12800955A69 /* Sources */ = {
			isa = PBXSourcesBuildPhase;
			buildActionMask = 2147483647;
			files = (
				F19F15F82214A12800955A69 /* GameScene.swift in Sources */,
				F19F15FA2214A12800955A69 /* GameViewController.swift in Sources */,
				F19F15F22214A12800955A69 /* AppDelegate.swift in Sources */,
				F15D28EB2214C1C1002DB29F /* MainMenu.swift in Sources */,
			);
			runOnlyForDeploymentPostprocessing = 0;
		};
/* End PBXSourcesBuildPhase section */

/* Begin PBXVariantGroup section */
		F19F15FB2214A12800955A69 /* Main.storyboard */ = {
			isa = PBXVariantGroup;
			children = (
				F19F15FC2214A12800955A69 /* Base */,
			);
			name = Main.storyboard;
			sourceTree = "<group>";
		};
		F19F16002214A12900955A69 /* LaunchScreen.storyboard */ = {
			isa = PBXVariantGroup;
			children = (
				F19F16012214A12900955A69 /* Base */,
			);
			name = LaunchScreen.storyboard;
			sourceTree = "<group>";
		};
/* End PBXVariantGroup section */

/* Begin XCBuildConfiguration section */
		F19F16042214A12900955A69 /* Debug */ = {
			isa = XCBuildConfiguration;
			buildSettings = {
				ALWAYS_SEARCH_USER_PATHS = NO;
				CLANG_ANALYZER_NONNULL = YES;
				CLANG_ANALYZER_NUMBER_OBJECT_CONVERSION = YES_AGGRESSIVE;
				CLANG_CXX_LANGUAGE_STANDARD = "gnu++14";
				CLANG_CXX_LIBRARY = "libc++";
				CLANG_ENABLE_MODULES = YES;
				CLANG_ENABLE_OBJC_ARC = YES;
				CLANG_ENABLE_OBJC_WEAK = YES;
				CLANG_WARN_BLOCK_CAPTURE_AUTORELEASING = YES;
				CLANG_WARN_BOOL_CONVERSION = YES;
				CLANG_WARN_COMMA = YES;
				CLANG_WARN_CONSTANT_CONVERSION = YES;
				CLANG_WARN_DEPRECATED_OBJC_IMPLEMENTATIONS = YES;
				CLANG_WARN_DIRECT_OBJC_ISA_USAGE = YES_ERROR;
				CLANG_WARN_DOCUMENTATION_COMMENTS = YES;
				CLANG_WARN_EMPTY_BODY = YES;
				CLANG_WARN_ENUM_CONVERSION = YES;
				CLANG_WARN_INFINITE_RECURSION = YES;
				CLANG_WARN_INT_CONVERSION = YES;
				CLANG_WARN_NON_LITERAL_NULL_CONVERSION = YES;
				CLANG_WARN_OBJC_IMPLICIT_RETAIN_SELF = YES;
				CLANG_WARN_OBJC_LITERAL_CONVERSION = YES;
				CLANG_WARN_OBJC_ROOT_CLASS = YES_ERROR;
				CLANG_WARN_RANGE_LOOP_ANALYSIS = YES;
				CLANG_WARN_STRICT_PROTOTYPES = YES;
				CLANG_WARN_SUSPICIOUS_MOVE = YES;
				CLANG_WARN_UNGUARDED_AVAILABILITY = YES_AGGRESSIVE;
				CLANG_WARN_UNREACHABLE_CODE = YES;
				CLANG_WARN__DUPLICATE_METHOD_MATCH = YES;
				CODE_SIGN_IDENTITY = "iPhone Developer";
				COPY_PHASE_STRIP = NO;
				DEBUG_INFORMATION_FORMAT = dwarf;
				ENABLE_STRICT_OBJC_MSGSEND = YES;
				ENABLE_TESTABILITY = YES;
				GCC_C_LANGUAGE_STANDARD = gnu11;
				GCC_DYNAMIC_NO_PIC = NO;
				GCC_NO_COMMON_BLOCKS = YES;
				GCC_OPTIMIZATION_LEVEL = 0;
				GCC_PREPROCESSOR_DEFINITIONS = (
					"DEBUG=1",
					"$(inherited)",
				);
				GCC_WARN_64_TO_32_BIT_CONVERSION = YES;
				GCC_WARN_ABOUT_RETURN_TYPE = YES_ERROR;
				GCC_WARN_UNDECLARED_SELECTOR = YES;
				GCC_WARN_UNINITIALIZED_AUTOS = YES_AGGRESSIVE;
				GCC_WARN_UNUSED_FUNCTION = YES;
				GCC_WARN_UNUSED_VARIABLE = YES;
				IPHONEOS_DEPLOYMENT_TARGET = 12.1;
				MTL_ENABLE_DEBUG_INFO = INCLUDE_SOURCE;
				MTL_FAST_MATH = YES;
				ONLY_ACTIVE_ARCH = YES;
				SDKROOT = iphoneos;
				SWIFT_ACTIVE_COMPILATION_CONDITIONS = DEBUG;
				SWIFT_OPTIMIZATION_LEVEL = "-Onone";
			};
			name = Debug;
		};
		F19F16052214A12900955A69 /* Release */ = {
			isa = XCBuildConfiguration;
			buildSettings = {
				ALWAYS_SEARCH_USER_PATHS = NO;
				CLANG_ANALYZER_NONNULL = YES;
				CLANG_ANALYZER_NUMBER_OBJECT_CONVERSION = YES_AGGRESSIVE;
				CLANG_CXX_LANGUAGE_STANDARD = "gnu++14";
				CLANG_CXX_LIBRARY = "libc++";
				CLANG_ENABLE_MODULES = YES;
				CLANG_ENABLE_OBJC_ARC = YES;
				CLANG_ENABLE_OBJC_WEAK = YES;
				CLANG_WARN_BLOCK_CAPTURE_AUTORELEASING = YES;
				CLANG_WARN_BOOL_CONVERSION = YES;
				CLANG_WARN_COMMA = YES;
				CLANG_WARN_CONSTANT_CONVERSION = YES;
				CLANG_WARN_DEPRECATED_OBJC_IMPLEMENTATIONS = YES;
				CLANG_WARN_DIRECT_OBJC_ISA_USAGE = YES_ERROR;
				CLANG_WARN_DOCUMENTATION_COMMENTS = YES;
				CLANG_WARN_EMPTY_BODY = YES;
				CLANG_WARN_ENUM_CONVERSION = YES;
				CLANG_WARN_INFINITE_RECURSION = YES;
				CLANG_WARN_INT_CONVERSION = YES;
				CLANG_WARN_NON_LITERAL_NULL_CONVERSION = YES;
				CLANG_WARN_OBJC_IMPLICIT_RETAIN_SELF = YES;
				CLANG_WARN_OBJC_LITERAL_CONVERSION = YES;
				CLANG_WARN_OBJC_ROOT_CLASS = YES_ERROR;
				CLANG_WARN_RANGE_LOOP_ANALYSIS = YES;
				CLANG_WARN_STRICT_PROTOTYPES = YES;
				CLANG_WARN_SUSPICIOUS_MOVE = YES;
				CLANG_WARN_UNGUARDED_AVAILABILITY = YES_AGGRESSIVE;
				CLANG_WARN_UNREACHABLE_CODE = YES;
				CLANG_WARN__DUPLICATE_METHOD_MATCH = YES;
				CODE_SIGN_IDENTITY = "iPhone Developer";
				COPY_PHASE_STRIP = NO;
				DEBUG_INFORMATION_FORMAT = "dwarf-with-dsym";
				ENABLE_NS_ASSERTIONS = NO;
				ENABLE_STRICT_OBJC_MSGSEND = YES;
				GCC_C_LANGUAGE_STANDARD = gnu11;
				GCC_NO_COMMON_BLOCKS = YES;
				GCC_WARN_64_TO_32_BIT_CONVERSION = YES;
				GCC_WARN_ABOUT_RETURN_TYPE = YES_ERROR;
				GCC_WARN_UNDECLARED_SELECTOR = YES;
				GCC_WARN_UNINITIALIZED_AUTOS = YES_AGGRESSIVE;
				GCC_WARN_UNUSED_FUNCTION = YES;
				GCC_WARN_UNUSED_VARIABLE = YES;
				IPHONEOS_DEPLOYMENT_TARGET = 12.1;
				MTL_ENABLE_DEBUG_INFO = NO;
				MTL_FAST_MATH = YES;
				SDKROOT = iphoneos;
				SWIFT_COMPILATION_MODE = wholemodule;
				SWIFT_OPTIMIZATION_LEVEL = "-O";
				VALIDATE_PRODUCT = YES;
			};
			name = Release;
		};
		F19F16072214A12900955A69 /* Debug */ = {
			isa = XCBuildConfiguration;
			buildSettings = {
				ASSETCATALOG_COMPILER_APPICON_NAME = AppIcon;
				CODE_SIGN_STYLE = Automatic;
				DEVELOPMENT_TEAM = QR88HZ86VY;
				INFOPLIST_FILE = SpaceShooter/Info.plist;
				LD_RUNPATH_SEARCH_PATHS = (
					"$(inherited)",
					"@executable_path/Frameworks",
				);
				PRODUCT_BUNDLE_IDENTIFIER = ozimok.SpaceShooter;
				PRODUCT_NAME = "$(TARGET_NAME)";
				SWIFT_VERSION = 4.2;
				TARGETED_DEVICE_FAMILY = "1,2";
			};
			name = Debug;
		};
		F19F16082214A12900955A69 /* Release */ = {
			isa = XCBuildConfiguration;
			buildSettings = {
				ASSETCATALOG_COMPILER_APPICON_NAME = AppIcon;
				CODE_SIGN_STYLE = Automatic;
				DEVELOPMENT_TEAM = QR88HZ86VY;
				INFOPLIST_FILE = SpaceShooter/Info.plist;
				LD_RUNPATH_SEARCH_PATHS = (
					"$(inherited)",
					"@executable_path/Frameworks",
				);
				PRODUCT_BUNDLE_IDENTIFIER = ozimok.SpaceShooter;
				PRODUCT_NAME = "$(TARGET_NAME)";
				SWIFT_VERSION = 4.2;
				TARGETED_DEVICE_FAMILY = "1,2";
			};
			name = Release;
		};
/* End XCBuildConfiguration section */

/* Begin XCConfigurationList section */
		F19F15E92214A12800955A69 /* Build configuration list for PBXProject "SpaceShooter" */ = {
			isa = XCConfigurationList;
			buildConfigurations = (
				F19F16042214A12900955A69 /* Debug */,
				F19F16052214A12900955A69 /* Release */,
			);
			defaultConfigurationIsVisible = 0;
			defaultConfigurationName = Release;
		};
		F19F16062214A12900955A69 /* Build configuration list for PBXNativeTarget "SpaceShooter" */ = {
			isa = XCConfigurationList;
			buildConfigurations = (
				F19F16072214A12900955A69 /* Debug */,
				F19F16082214A12900955A69 /* Release */,
			);
			defaultConfigurationIsVisible = 0;
			defaultConfigurationName = Release;
		};
/* End XCConfigurationList section */
	};
	rootObject = F19F15E62214A12800955A69 /* Project object */;
}
